// !$*UTF8*$!
{
	archiveVersion = 1;
	classes = {
	};
	objectVersion = 52;
	objects = {

/* Begin PBXBuildFile section */
		9F9E320626A5C71E0005ADE8 /* AppDelegate.swift in Sources */ = {isa = PBXBuildFile; fileRef = 9F9E320526A5C71E0005ADE8 /* AppDelegate.swift */; };
		9F9E320826A5C71E0005ADE8 /* SceneDelegate.swift in Sources */ = {isa = PBXBuildFile; fileRef = 9F9E320726A5C71E0005ADE8 /* SceneDelegate.swift */; };
		9F9E320A26A5C71E0005ADE8 /* ViewController.swift in Sources */ = {isa = PBXBuildFile; fileRef = 9F9E320926A5C71E0005ADE8 /* ViewController.swift */; };
		9F9E320D26A5C71E0005ADE8 /* Main.storyboard in Resources */ = {isa = PBXBuildFile; fileRef = 9F9E320B26A5C71E0005ADE8 /* Main.storyboard */; };
		9F9E320F26A5C71F0005ADE8 /* Assets.xcassets in Resources */ = {isa = PBXBuildFile; fileRef = 9F9E320E26A5C71F0005ADE8 /* Assets.xcassets */; };
		9F9E321226A5C71F0005ADE8 /* LaunchScreen.storyboard in Resources */ = {isa = PBXBuildFile; fileRef = 9F9E321026A5C71F0005ADE8 /* LaunchScreen.storyboard */; };
		9F9E321D26A5C71F0005ADE8 /* MuviTests.swift in Sources */ = {isa = PBXBuildFile; fileRef = 9F9E321C26A5C71F0005ADE8 /* MuviTests.swift */; };
		9F9E322826A5C71F0005ADE8 /* MuviUITests.swift in Sources */ = {isa = PBXBuildFile; fileRef = 9F9E322726A5C71F0005ADE8 /* MuviUITests.swift */; };
		9F9E323726A5C7F20005ADE8 /* Alamofire in Frameworks */ = {isa = PBXBuildFile; productRef = 9F9E323626A5C7F20005ADE8 /* Alamofire */; };
		9F9E323A26A5D1DC0005ADE8 /* MuviService.swift in Sources */ = {isa = PBXBuildFile; fileRef = 9F9E323926A5D1DC0005ADE8 /* MuviService.swift */; };
		9F9E324026A5D2AA0005ADE8 /* MuviRepository.swift in Sources */ = {isa = PBXBuildFile; fileRef = 9F9E323F26A5D2AA0005ADE8 /* MuviRepository.swift */; };
/* End PBXBuildFile section */

/* Begin PBXContainerItemProxy section */
		9F9E321926A5C71F0005ADE8 /* PBXContainerItemProxy */ = {
			isa = PBXContainerItemProxy;
			containerPortal = 9F9E31FA26A5C71E0005ADE8 /* Project object */;
			proxyType = 1;
			remoteGlobalIDString = 9F9E320126A5C71E0005ADE8;
			remoteInfo = Muvi;
		};
		9F9E322426A5C71F0005ADE8 /* PBXContainerItemProxy */ = {
			isa = PBXContainerItemProxy;
			containerPortal = 9F9E31FA26A5C71E0005ADE8 /* Project object */;
			proxyType = 1;
			remoteGlobalIDString = 9F9E320126A5C71E0005ADE8;
			remoteInfo = Muvi;
		};
/* End PBXContainerItemProxy section */

/* Begin PBXFileReference section */
		9F9E320226A5C71E0005ADE8 /* Muvi.app */ = {isa = PBXFileReference; explicitFileType = wrapper.application; includeInIndex = 0; path = Muvi.app; sourceTree = BUILT_PRODUCTS_DIR; };
		9F9E320526A5C71E0005ADE8 /* AppDelegate.swift */ = {isa = PBXFileReference; lastKnownFileType = sourcecode.swift; path = AppDelegate.swift; sourceTree = "<group>"; };
		9F9E320726A5C71E0005ADE8 /* SceneDelegate.swift */ = {isa = PBXFileReference; lastKnownFileType = sourcecode.swift; path = SceneDelegate.swift; sourceTree = "<group>"; };
		9F9E320926A5C71E0005ADE8 /* ViewController.swift */ = {isa = PBXFileReference; lastKnownFileType = sourcecode.swift; path = ViewController.swift; sourceTree = "<group>"; };
		9F9E320C26A5C71E0005ADE8 /* Base */ = {isa = PBXFileReference; lastKnownFileType = file.storyboard; name = Base; path = Base.lproj/Main.storyboard; sourceTree = "<group>"; };
		9F9E320E26A5C71F0005ADE8 /* Assets.xcassets */ = {isa = PBXFileReference; lastKnownFileType = folder.assetcatalog; path = Assets.xcassets; sourceTree = "<group>"; };
		9F9E321126A5C71F0005ADE8 /* Base */ = {isa = PBXFileReference; lastKnownFileType = file.storyboard; name = Base; path = Base.lproj/LaunchScreen.storyboard; sourceTree = "<group>"; };
		9F9E321326A5C71F0005ADE8 /* Info.plist */ = {isa = PBXFileReference; lastKnownFileType = text.plist.xml; path = Info.plist; sourceTree = "<group>"; };
		9F9E321826A5C71F0005ADE8 /* MuviTests.xctest */ = {isa = PBXFileReference; explicitFileType = wrapper.cfbundle; includeInIndex = 0; path = MuviTests.xctest; sourceTree = BUILT_PRODUCTS_DIR; };
		9F9E321C26A5C71F0005ADE8 /* MuviTests.swift */ = {isa = PBXFileReference; lastKnownFileType = sourcecode.swift; path = MuviTests.swift; sourceTree = "<group>"; };
		9F9E321E26A5C71F0005ADE8 /* Info.plist */ = {isa = PBXFileReference; lastKnownFileType = text.plist.xml; path = Info.plist; sourceTree = "<group>"; };
		9F9E322326A5C71F0005ADE8 /* MuviUITests.xctest */ = {isa = PBXFileReference; explicitFileType = wrapper.cfbundle; includeInIndex = 0; path = MuviUITests.xctest; sourceTree = BUILT_PRODUCTS_DIR; };
		9F9E322726A5C71F0005ADE8 /* MuviUITests.swift */ = {isa = PBXFileReference; lastKnownFileType = sourcecode.swift; path = MuviUITests.swift; sourceTree = "<group>"; };
		9F9E322926A5C71F0005ADE8 /* Info.plist */ = {isa = PBXFileReference; lastKnownFileType = text.plist.xml; path = Info.plist; sourceTree = "<group>"; };
		9F9E323926A5D1DC0005ADE8 /* MuviService.swift */ = {isa = PBXFileReference; lastKnownFileType = sourcecode.swift; path = MuviService.swift; sourceTree = "<group>"; };
		9F9E323F26A5D2AA0005ADE8 /* MuviRepository.swift */ = {isa = PBXFileReference; lastKnownFileType = sourcecode.swift; path = MuviRepository.swift; sourceTree = "<group>"; };
/* End PBXFileReference section */

/* Begin PBXFrameworksBuildPhase section */
		9F9E31FF26A5C71E0005ADE8 /* Frameworks */ = {
			isa = PBXFrameworksBuildPhase;
			buildActionMask = 2147483647;
			files = (
				9F9E323726A5C7F20005ADE8 /* Alamofire in Frameworks */,
			);
			runOnlyForDeploymentPostprocessing = 0;
		};
		9F9E321526A5C71F0005ADE8 /* Frameworks */ = {
			isa = PBXFrameworksBuildPhase;
			buildActionMask = 2147483647;
			files = (
			);
			runOnlyForDeploymentPostprocessing = 0;
		};
		9F9E322026A5C71F0005ADE8 /* Frameworks */ = {
			isa = PBXFrameworksBuildPhase;
			buildActionMask = 2147483647;
			files = (
			);
			runOnlyForDeploymentPostprocessing = 0;
		};
/* End PBXFrameworksBuildPhase section */

/* Begin PBXGroup section */
		9F9E31F926A5C71E0005ADE8 = {
			isa = PBXGroup;
			children = (
				9F9E320426A5C71E0005ADE8 /* Muvi */,
				9F9E321B26A5C71F0005ADE8 /* MuviTests */,
				9F9E322626A5C71F0005ADE8 /* MuviUITests */,
				9F9E320326A5C71E0005ADE8 /* Products */,
			);
			sourceTree = "<group>";
		};
		9F9E320326A5C71E0005ADE8 /* Products */ = {
			isa = PBXGroup;
			children = (
				9F9E320226A5C71E0005ADE8 /* Muvi.app */,
				9F9E321826A5C71F0005ADE8 /* MuviTests.xctest */,
				9F9E322326A5C71F0005ADE8 /* MuviUITests.xctest */,
			);
			name = Products;
			sourceTree = "<group>";
		};
		9F9E320426A5C71E0005ADE8 /* Muvi */ = {
			isa = PBXGroup;
			children = (
				9F9E323B26A5D1FC0005ADE8 /* Repository */,
				9F9E323826A5D1BD0005ADE8 /* Muvi API */,
				9F9E320526A5C71E0005ADE8 /* AppDelegate.swift */,
				9F9E320726A5C71E0005ADE8 /* SceneDelegate.swift */,
				9F9E320926A5C71E0005ADE8 /* ViewController.swift */,
				9F9E320B26A5C71E0005ADE8 /* Main.storyboard */,
				9F9E320E26A5C71F0005ADE8 /* Assets.xcassets */,
				9F9E321026A5C71F0005ADE8 /* LaunchScreen.storyboard */,
				9F9E321326A5C71F0005ADE8 /* Info.plist */,
			);
			path = Muvi;
			sourceTree = "<group>";
		};
		9F9E321B26A5C71F0005ADE8 /* MuviTests */ = {
			isa = PBXGroup;
			children = (
				9F9E321C26A5C71F0005ADE8 /* MuviTests.swift */,
				9F9E321E26A5C71F0005ADE8 /* Info.plist */,
			);
			path = MuviTests;
			sourceTree = "<group>";
		};
		9F9E322626A5C71F0005ADE8 /* MuviUITests */ = {
			isa = PBXGroup;
			children = (
				9F9E322726A5C71F0005ADE8 /* MuviUITests.swift */,
				9F9E322926A5C71F0005ADE8 /* Info.plist */,
			);
			path = MuviUITests;
			sourceTree = "<group>";
		};
		9F9E323826A5D1BD0005ADE8 /* Muvi API */ = {
			isa = PBXGroup;
			children = (
				9F9E323926A5D1DC0005ADE8 /* MuviService.swift */,
				9F9E323E26A5D2710005ADE8 /* Response */,
				9F9E323D26A5D26C0005ADE8 /* Helper */,
				9F9E323C26A5D2020005ADE8 /* Entity */,
			);
			path = "Muvi API";
			sourceTree = "<group>";
		};
		9F9E323B26A5D1FC0005ADE8 /* Repository */ = {
			isa = PBXGroup;
			children = (
				9F9E323F26A5D2AA0005ADE8 /* MuviRepository.swift */,
			);
			path = Repository;
			sourceTree = "<group>";
		};
		9F9E323C26A5D2020005ADE8 /* Entity */ = {
			isa = PBXGroup;
			children = (
			);
			path = Entity;
			sourceTree = "<group>";
		};
		9F9E323D26A5D26C0005ADE8 /* Helper */ = {
			isa = PBXGroup;
			children = (
			);
			path = Helper;
			sourceTree = "<group>";
		};
		9F9E323E26A5D2710005ADE8 /* Response */ = {
			isa = PBXGroup;
			children = (
			);
			path = Response;
			sourceTree = "<group>";
		};
/* End PBXGroup section */

/* Begin PBXNativeTarget section */
		9F9E320126A5C71E0005ADE8 /* Muvi */ = {
			isa = PBXNativeTarget;
			buildConfigurationList = 9F9E322C26A5C71F0005ADE8 /* Build configuration list for PBXNativeTarget "Muvi" */;
			buildPhases = (
				9F9E31FE26A5C71E0005ADE8 /* Sources */,
				9F9E31FF26A5C71E0005ADE8 /* Frameworks */,
				9F9E320026A5C71E0005ADE8 /* Resources */,
			);
			buildRules = (
			);
			dependencies = (
			);
			name = Muvi;
			packageProductDependencies = (
				9F9E323626A5C7F20005ADE8 /* Alamofire */,
			);
			productName = Muvi;
			productReference = 9F9E320226A5C71E0005ADE8 /* Muvi.app */;
			productType = "com.apple.product-type.application";
		};
		9F9E321726A5C71F0005ADE8 /* MuviTests */ = {
			isa = PBXNativeTarget;
			buildConfigurationList = 9F9E322F26A5C71F0005ADE8 /* Build configuration list for PBXNativeTarget "MuviTests" */;
			buildPhases = (
				9F9E321426A5C71F0005ADE8 /* Sources */,
				9F9E321526A5C71F0005ADE8 /* Frameworks */,
				9F9E321626A5C71F0005ADE8 /* Resources */,
			);
			buildRules = (
			);
			dependencies = (
				9F9E321A26A5C71F0005ADE8 /* PBXTargetDependency */,
			);
			name = MuviTests;
			productName = MuviTests;
			productReference = 9F9E321826A5C71F0005ADE8 /* MuviTests.xctest */;
			productType = "com.apple.product-type.bundle.unit-test";
		};
		9F9E322226A5C71F0005ADE8 /* MuviUITests */ = {
			isa = PBXNativeTarget;
			buildConfigurationList = 9F9E323226A5C71F0005ADE8 /* Build configuration list for PBXNativeTarget "MuviUITests" */;
			buildPhases = (
				9F9E321F26A5C71F0005ADE8 /* Sources */,
				9F9E322026A5C71F0005ADE8 /* Frameworks */,
				9F9E322126A5C71F0005ADE8 /* Resources */,
			);
			buildRules = (
			);
			dependencies = (
				9F9E322526A5C71F0005ADE8 /* PBXTargetDependency */,
			);
			name = MuviUITests;
			productName = MuviUITests;
			productReference = 9F9E322326A5C71F0005ADE8 /* MuviUITests.xctest */;
			productType = "com.apple.product-type.bundle.ui-testing";
		};
/* End PBXNativeTarget section */

/* Begin PBXProject section */
		9F9E31FA26A5C71E0005ADE8 /* Project object */ = {
			isa = PBXProject;
			attributes = {
				LastSwiftUpdateCheck = 1250;
				LastUpgradeCheck = 1250;
				TargetAttributes = {
					9F9E320126A5C71E0005ADE8 = {
						CreatedOnToolsVersion = 12.5;
					};
					9F9E321726A5C71F0005ADE8 = {
						CreatedOnToolsVersion = 12.5;
						TestTargetID = 9F9E320126A5C71E0005ADE8;
					};
					9F9E322226A5C71F0005ADE8 = {
						CreatedOnToolsVersion = 12.5;
						TestTargetID = 9F9E320126A5C71E0005ADE8;
					};
				};
			};
			buildConfigurationList = 9F9E31FD26A5C71E0005ADE8 /* Build configuration list for PBXProject "Muvi" */;
			compatibilityVersion = "Xcode 9.3";
			developmentRegion = en;
			hasScannedForEncodings = 0;
			knownRegions = (
				en,
				Base,
			);
			mainGroup = 9F9E31F926A5C71E0005ADE8;
			packageReferences = (
				9F9E323526A5C7F20005ADE8 /* XCRemoteSwiftPackageReference "Alamofire" */,
			);
			productRefGroup = 9F9E320326A5C71E0005ADE8 /* Products */;
			projectDirPath = "";
			projectRoot = "";
			targets = (
				9F9E320126A5C71E0005ADE8 /* Muvi */,
				9F9E321726A5C71F0005ADE8 /* MuviTests */,
				9F9E322226A5C71F0005ADE8 /* MuviUITests */,
			);
		};
/* End PBXProject section */

/* Begin PBXResourcesBuildPhase section */
		9F9E320026A5C71E0005ADE8 /* Resources */ = {
			isa = PBXResourcesBuildPhase;
			buildActionMask = 2147483647;
			files = (
				9F9E321226A5C71F0005ADE8 /* LaunchScreen.storyboard in Resources */,
				9F9E320F26A5C71F0005ADE8 /* Assets.xcassets in Resources */,
				9F9E320D26A5C71E0005ADE8 /* Main.storyboard in Resources */,
			);
			runOnlyForDeploymentPostprocessing = 0;
		};
		9F9E321626A5C71F0005ADE8 /* Resources */ = {
			isa = PBXResourcesBuildPhase;
			buildActionMask = 2147483647;
			files = (
			);
			runOnlyForDeploymentPostprocessing = 0;
		};
		9F9E322126A5C71F0005ADE8 /* Resources */ = {
			isa = PBXResourcesBuildPhase;
			buildActionMask = 2147483647;
			files = (
			);
			runOnlyForDeploymentPostprocessing = 0;
		};
/* End PBXResourcesBuildPhase section */

/* Begin PBXSourcesBuildPhase section */
		9F9E31FE26A5C71E0005ADE8 /* Sources */ = {
			isa = PBXSourcesBuildPhase;
			buildActionMask = 2147483647;
			files = (
				9F9E320A26A5C71E0005ADE8 /* ViewController.swift in Sources */,
				9F9E324026A5D2AA0005ADE8 /* MuviRepository.swift in Sources */,
				9F9E320626A5C71E0005ADE8 /* AppDelegate.swift in Sources */,
				9F9E323A26A5D1DC0005ADE8 /* MuviService.swift in Sources */,
				9F9E320826A5C71E0005ADE8 /* SceneDelegate.swift in Sources */,
			);
			runOnlyForDeploymentPostprocessing = 0;
		};
		9F9E321426A5C71F0005ADE8 /* Sources */ = {
			isa = PBXSourcesBuildPhase;
			buildActionMask = 2147483647;
			files = (
				9F9E321D26A5C71F0005ADE8 /* MuviTests.swift in Sources */,
			);
			runOnlyForDeploymentPostprocessing = 0;
		};
		9F9E321F26A5C71F0005ADE8 /* Sources */ = {
			isa = PBXSourcesBuildPhase;
			buildActionMask = 2147483647;
			files = (
				9F9E322826A5C71F0005ADE8 /* MuviUITests.swift in Sources */,
			);
			runOnlyForDeploymentPostprocessing = 0;
		};
/* End PBXSourcesBuildPhase section */

/* Begin PBXTargetDependency section */
		9F9E321A26A5C71F0005ADE8 /* PBXTargetDependency */ = {
			isa = PBXTargetDependency;
			target = 9F9E320126A5C71E0005ADE8 /* Muvi */;
			targetProxy = 9F9E321926A5C71F0005ADE8 /* PBXContainerItemProxy */;
		};
		9F9E322526A5C71F0005ADE8 /* PBXTargetDependency */ = {
			isa = PBXTargetDependency;
			target = 9F9E320126A5C71E0005ADE8 /* Muvi */;
			targetProxy = 9F9E322426A5C71F0005ADE8 /* PBXContainerItemProxy */;
		};
/* End PBXTargetDependency section */

/* Begin PBXVariantGroup section */
		9F9E320B26A5C71E0005ADE8 /* Main.storyboard */ = {
			isa = PBXVariantGroup;
			children = (
				9F9E320C26A5C71E0005ADE8 /* Base */,
			);
			name = Main.storyboard;
			sourceTree = "<group>";
		};
		9F9E321026A5C71F0005ADE8 /* LaunchScreen.storyboard */ = {
			isa = PBXVariantGroup;
			children = (
				9F9E321126A5C71F0005ADE8 /* Base */,
			);
			name = LaunchScreen.storyboard;
			sourceTree = "<group>";
		};
/* End PBXVariantGroup section */

/* Begin XCBuildConfiguration section */
		9F9E322A26A5C71F0005ADE8 /* Debug */ = {
			isa = XCBuildConfiguration;
			buildSettings = {
				ALWAYS_SEARCH_USER_PATHS = NO;
				CLANG_ANALYZER_NONNULL = YES;
				CLANG_ANALYZER_NUMBER_OBJECT_CONVERSION = YES_AGGRESSIVE;
				CLANG_CXX_LANGUAGE_STANDARD = "gnu++14";
				CLANG_CXX_LIBRARY = "libc++";
				CLANG_ENABLE_MODULES = YES;
				CLANG_ENABLE_OBJC_ARC = YES;
				CLANG_ENABLE_OBJC_WEAK = YES;
				CLANG_WARN_BLOCK_CAPTURE_AUTORELEASING = YES;
				CLANG_WARN_BOOL_CONVERSION = YES;
				CLANG_WARN_COMMA = YES;
				CLANG_WARN_CONSTANT_CONVERSION = YES;
				CLANG_WARN_DEPRECATED_OBJC_IMPLEMENTATIONS = YES;
				CLANG_WARN_DIRECT_OBJC_ISA_USAGE = YES_ERROR;
				CLANG_WARN_DOCUMENTATION_COMMENTS = YES;
				CLANG_WARN_EMPTY_BODY = YES;
				CLANG_WARN_ENUM_CONVERSION = YES;
				CLANG_WARN_INFINITE_RECURSION = YES;
				CLANG_WARN_INT_CONVERSION = YES;
				CLANG_WARN_NON_LITERAL_NULL_CONVERSION = YES;
				CLANG_WARN_OBJC_IMPLICIT_RETAIN_SELF = YES;
				CLANG_WARN_OBJC_LITERAL_CONVERSION = YES;
				CLANG_WARN_OBJC_ROOT_CLASS = YES_ERROR;
				CLANG_WARN_QUOTED_INCLUDE_IN_FRAMEWORK_HEADER = YES;
				CLANG_WARN_RANGE_LOOP_ANALYSIS = YES;
				CLANG_WARN_STRICT_PROTOTYPES = YES;
				CLANG_WARN_SUSPICIOUS_MOVE = YES;
				CLANG_WARN_UNGUARDED_AVAILABILITY = YES_AGGRESSIVE;
				CLANG_WARN_UNREACHABLE_CODE = YES;
				CLANG_WARN__DUPLICATE_METHOD_MATCH = YES;
				COPY_PHASE_STRIP = NO;
				DEBUG_INFORMATION_FORMAT = dwarf;
				ENABLE_STRICT_OBJC_MSGSEND = YES;
				ENABLE_TESTABILITY = YES;
				GCC_C_LANGUAGE_STANDARD = gnu11;
				GCC_DYNAMIC_NO_PIC = NO;
				GCC_NO_COMMON_BLOCKS = YES;
				GCC_OPTIMIZATION_LEVEL = 0;
				GCC_PREPROCESSOR_DEFINITIONS = (
					"DEBUG=1",
					"$(inherited)",
				);
				GCC_WARN_64_TO_32_BIT_CONVERSION = YES;
				GCC_WARN_ABOUT_RETURN_TYPE = YES_ERROR;
				GCC_WARN_UNDECLARED_SELECTOR = YES;
				GCC_WARN_UNINITIALIZED_AUTOS = YES_AGGRESSIVE;
				GCC_WARN_UNUSED_FUNCTION = YES;
				GCC_WARN_UNUSED_VARIABLE = YES;
				IPHONEOS_DEPLOYMENT_TARGET = 14.5;
				MTL_ENABLE_DEBUG_INFO = INCLUDE_SOURCE;
				MTL_FAST_MATH = YES;
				ONLY_ACTIVE_ARCH = YES;
				SDKROOT = iphoneos;
				SWIFT_ACTIVE_COMPILATION_CONDITIONS = DEBUG;
				SWIFT_OPTIMIZATION_LEVEL = "-Onone";
			};
			name = Debug;
		};
		9F9E322B26A5C71F0005ADE8 /* Release */ = {
			isa = XCBuildConfiguration;
			buildSettings = {
				ALWAYS_SEARCH_USER_PATHS = NO;
				CLANG_ANALYZER_NONNULL = YES;
				CLANG_ANALYZER_NUMBER_OBJECT_CONVERSION = YES_AGGRESSIVE;
				CLANG_CXX_LANGUAGE_STANDARD = "gnu++14";
				CLANG_CXX_LIBRARY = "libc++";
				CLANG_ENABLE_MODULES = YES;
				CLANG_ENABLE_OBJC_ARC = YES;
				CLANG_ENABLE_OBJC_WEAK = YES;
				CLANG_WARN_BLOCK_CAPTURE_AUTORELEASING = YES;
				CLANG_WARN_BOOL_CONVERSION = YES;
				CLANG_WARN_COMMA = YES;
				CLANG_WARN_CONSTANT_CONVERSION = YES;
				CLANG_WARN_DEPRECATED_OBJC_IMPLEMENTATIONS = YES;
				CLANG_WARN_DIRECT_OBJC_ISA_USAGE = YES_ERROR;
				CLANG_WARN_DOCUMENTATION_COMMENTS = YES;
				CLANG_WARN_EMPTY_BODY = YES;
				CLANG_WARN_ENUM_CONVERSION = YES;
				CLANG_WARN_INFINITE_RECURSION = YES;
				CLANG_WARN_INT_CONVERSION = YES;
				CLANG_WARN_NON_LITERAL_NULL_CONVERSION = YES;
				CLANG_WARN_OBJC_IMPLICIT_RETAIN_SELF = YES;
				CLANG_WARN_OBJC_LITERAL_CONVERSION = YES;
				CLANG_WARN_OBJC_ROOT_CLASS = YES_ERROR;
				CLANG_WARN_QUOTED_INCLUDE_IN_FRAMEWORK_HEADER = YES;
				CLANG_WARN_RANGE_LOOP_ANALYSIS = YES;
				CLANG_WARN_STRICT_PROTOTYPES = YES;
				CLANG_WARN_SUSPICIOUS_MOVE = YES;
				CLANG_WARN_UNGUARDED_AVAILABILITY = YES_AGGRESSIVE;
				CLANG_WARN_UNREACHABLE_CODE = YES;
				CLANG_WARN__DUPLICATE_METHOD_MATCH = YES;
				COPY_PHASE_STRIP = NO;
				DEBUG_INFORMATION_FORMAT = "dwarf-with-dsym";
				ENABLE_NS_ASSERTIONS = NO;
				ENABLE_STRICT_OBJC_MSGSEND = YES;
				GCC_C_LANGUAGE_STANDARD = gnu11;
				GCC_NO_COMMON_BLOCKS = YES;
				GCC_WARN_64_TO_32_BIT_CONVERSION = YES;
				GCC_WARN_ABOUT_RETURN_TYPE = YES_ERROR;
				GCC_WARN_UNDECLARED_SELECTOR = YES;
				GCC_WARN_UNINITIALIZED_AUTOS = YES_AGGRESSIVE;
				GCC_WARN_UNUSED_FUNCTION = YES;
				GCC_WARN_UNUSED_VARIABLE = YES;
				IPHONEOS_DEPLOYMENT_TARGET = 14.5;
				MTL_ENABLE_DEBUG_INFO = NO;
				MTL_FAST_MATH = YES;
				SDKROOT = iphoneos;
				SWIFT_COMPILATION_MODE = wholemodule;
				SWIFT_OPTIMIZATION_LEVEL = "-O";
				VALIDATE_PRODUCT = YES;
			};
			name = Release;
		};
		9F9E322D26A5C71F0005ADE8 /* Debug */ = {
			isa = XCBuildConfiguration;
			buildSettings = {
				ASSETCATALOG_COMPILER_APPICON_NAME = AppIcon;
				ASSETCATALOG_COMPILER_GLOBAL_ACCENT_COLOR_NAME = AccentColor;
				CODE_SIGN_STYLE = Automatic;
				DEVELOPMENT_TEAM = 5D7FKQKGT9;
				INFOPLIST_FILE = Muvi/Info.plist;
				LD_RUNPATH_SEARCH_PATHS = (
					"$(inherited)",
					"@executable_path/Frameworks",
				);
				PRODUCT_BUNDLE_IDENTIFIER = com.hasangungor.Muvi;
				PRODUCT_NAME = "$(TARGET_NAME)";
				SWIFT_VERSION = 5.0;
				TARGETED_DEVICE_FAMILY = "1,2";
			};
			name = Debug;
		};
		9F9E322E26A5C71F0005ADE8 /* Release */ = {
			isa = XCBuildConfiguration;
			buildSettings = {
				ASSETCATALOG_COMPILER_APPICON_NAME = AppIcon;
				ASSETCATALOG_COMPILER_GLOBAL_ACCENT_COLOR_NAME = AccentColor;
				CODE_SIGN_STYLE = Automatic;
				DEVELOPMENT_TEAM = 5D7FKQKGT9;
				INFOPLIST_FILE = Muvi/Info.plist;
				LD_RUNPATH_SEARCH_PATHS = (
					"$(inherited)",
					"@executable_path/Frameworks",
				);
				PRODUCT_BUNDLE_IDENTIFIER = com.hasangungor.Muvi;
				PRODUCT_NAME = "$(TARGET_NAME)";
				SWIFT_VERSION = 5.0;
				TARGETED_DEVICE_FAMILY = "1,2";
			};
			name = Release;
		};
		9F9E323026A5C71F0005ADE8 /* Debug */ = {
			isa = XCBuildConfiguration;
			buildSettings = {
				ALWAYS_EMBED_SWIFT_STANDARD_LIBRARIES = YES;
				BUNDLE_LOADER = "$(TEST_HOST)";
				CODE_SIGN_STYLE = Automatic;
				DEVELOPMENT_TEAM = 5D7FKQKGT9;
				INFOPLIST_FILE = MuviTests/Info.plist;
				IPHONEOS_DEPLOYMENT_TARGET = 14.5;
				LD_RUNPATH_SEARCH_PATHS = (
					"$(inherited)",
					"@executable_path/Frameworks",
					"@loader_path/Frameworks",
				);
				PRODUCT_BUNDLE_IDENTIFIER = com.hasangungor.MuviTests;
				PRODUCT_NAME = "$(TARGET_NAME)";
				SWIFT_VERSION = 5.0;
				TARGETED_DEVICE_FAMILY = "1,2";
				TEST_HOST = "$(BUILT_PRODUCTS_DIR)/Muvi.app/Muvi";
			};
			name = Debug;
		};
		9F9E323126A5C71F0005ADE8 /* Release */ = {
			isa = XCBuildConfiguration;
			buildSettings = {
				ALWAYS_EMBED_SWIFT_STANDARD_LIBRARIES = YES;
				BUNDLE_LOADER = "$(TEST_HOST)";
				CODE_SIGN_STYLE = Automatic;
				DEVELOPMENT_TEAM = 5D7FKQKGT9;
				INFOPLIST_FILE = MuviTests/Info.plist;
				IPHONEOS_DEPLOYMENT_TARGET = 14.5;
				LD_RUNPATH_SEARCH_PATHS = (
					"$(inherited)",
					"@executable_path/Frameworks",
					"@loader_path/Frameworks",
				);
				PRODUCT_BUNDLE_IDENTIFIER = com.hasangungor.MuviTests;
				PRODUCT_NAME = "$(TARGET_NAME)";
				SWIFT_VERSION = 5.0;
				TARGETED_DEVICE_FAMILY = "1,2";
				TEST_HOST = "$(BUILT_PRODUCTS_DIR)/Muvi.app/Muvi";
			};
			name = Release;
		};
		9F9E323326A5C71F0005ADE8 /* Debug */ = {
			isa = XCBuildConfiguration;
			buildSettings = {
				ALWAYS_EMBED_SWIFT_STANDARD_LIBRARIES = YES;
				CODE_SIGN_STYLE = Automatic;
				DEVELOPMENT_TEAM = 5D7FKQKGT9;
				INFOPLIST_FILE = MuviUITests/Info.plist;
				LD_RUNPATH_SEARCH_PATHS = (
					"$(inherited)",
					"@executable_path/Frameworks",
					"@loader_path/Frameworks",
				);
				PRODUCT_BUNDLE_IDENTIFIER = com.hasangungor.MuviUITests;
				PRODUCT_NAME = "$(TARGET_NAME)";
				SWIFT_VERSION = 5.0;
				TARGETED_DEVICE_FAMILY = "1,2";
				TEST_TARGET_NAME = Muvi;
			};
			name = Debug;
		};
		9F9E323426A5C71F0005ADE8 /* Release */ = {
			isa = XCBuildConfiguration;
			buildSettings = {
				ALWAYS_EMBED_SWIFT_STANDARD_LIBRARIES = YES;
				CODE_SIGN_STYLE = Automatic;
				DEVELOPMENT_TEAM = 5D7FKQKGT9;
				INFOPLIST_FILE = MuviUITests/Info.plist;
				LD_RUNPATH_SEARCH_PATHS = (
					"$(inherited)",
					"@executable_path/Frameworks",
					"@loader_path/Frameworks",
				);
				PRODUCT_BUNDLE_IDENTIFIER = com.hasangungor.MuviUITests;
				PRODUCT_NAME = "$(TARGET_NAME)";
				SWIFT_VERSION = 5.0;
				TARGETED_DEVICE_FAMILY = "1,2";
				TEST_TARGET_NAME = Muvi;
			};
			name = Release;
		};
/* End XCBuildConfiguration section */

/* Begin XCConfigurationList section */
		9F9E31FD26A5C71E0005ADE8 /* Build configuration list for PBXProject "Muvi" */ = {
			isa = XCConfigurationList;
			buildConfigurations = (
				9F9E322A26A5C71F0005ADE8 /* Debug */,
				9F9E322B26A5C71F0005ADE8 /* Release */,
			);
			defaultConfigurationIsVisible = 0;
			defaultConfigurationName = Release;
		};
		9F9E322C26A5C71F0005ADE8 /* Build configuration list for PBXNativeTarget "Muvi" */ = {
			isa = XCConfigurationList;
			buildConfigurations = (
				9F9E322D26A5C71F0005ADE8 /* Debug */,
				9F9E322E26A5C71F0005ADE8 /* Release */,
			);
			defaultConfigurationIsVisible = 0;
			defaultConfigurationName = Release;
		};
		9F9E322F26A5C71F0005ADE8 /* Build configuration list for PBXNativeTarget "MuviTests" */ = {
			isa = XCConfigurationList;
			buildConfigurations = (
				9F9E323026A5C71F0005ADE8 /* Debug */,
				9F9E323126A5C71F0005ADE8 /* Release */,
			);
			defaultConfigurationIsVisible = 0;
			defaultConfigurationName = Release;
		};
		9F9E323226A5C71F0005ADE8 /* Build configuration list for PBXNativeTarget "MuviUITests" */ = {
			isa = XCConfigurationList;
			buildConfigurations = (
				9F9E323326A5C71F0005ADE8 /* Debug */,
				9F9E323426A5C71F0005ADE8 /* Release */,
			);
			defaultConfigurationIsVisible = 0;
			defaultConfigurationName = Release;
		};
/* End XCConfigurationList section */

/* Begin XCRemoteSwiftPackageReference section */
		9F9E323526A5C7F20005ADE8 /* XCRemoteSwiftPackageReference "Alamofire" */ = {
			isa = XCRemoteSwiftPackageReference;
			repositoryURL = "https://github.com/Alamofire/Alamofire.git";
			requirement = {
				kind = upToNextMajorVersion;
				minimumVersion = 5.4.3;
			};
		};
/* End XCRemoteSwiftPackageReference section */

/* Begin XCSwiftPackageProductDependency section */
		9F9E323626A5C7F20005ADE8 /* Alamofire */ = {
			isa = XCSwiftPackageProductDependency;
			package = 9F9E323526A5C7F20005ADE8 /* XCRemoteSwiftPackageReference "Alamofire" */;
			productName = Alamofire;
		};
/* End XCSwiftPackageProductDependency section */
	};
	rootObject = 9F9E31FA26A5C71E0005ADE8 /* Project object */;
}
